
Microsoft Visual Studio Solution File, Format Version 12.00
# Visual Studio Version 16
VisualStudioVersion = 16.0.31205.134
MinimumVisualStudioVersion = 10.0.40219.1
Project("{FAE04EC0-301F-11D3-BF4B-00C04F79EFBC}") = "Lab6", "Lab6.csproj", "{5BE2C7C7-FD38-41EE-97F8-7EA4F7E355CB}"
EndProject
Global
	GlobalSection(SolutionConfigurationPlatforms) = preSolution
		Debug|Any CPU = Debug|Any CPU
		Release|Any CPU = Release|Any CPU
	EndGlobalSection
	GlobalSection(ProjectConfigurationPlatforms) = postSolution
		{5BE2C7C7-FD38-41EE-97F8-7EA4F7E355CB}.Debug|Any CPU.ActiveCfg = Debug|Any CPU
		{5BE2C7C7-FD38-41EE-97F8-7EA4F7E355CB}.Debug|Any CPU.Build.0 = Debug|Any CPU
		{5BE2C7C7-FD38-41EE-97F8-7EA4F7E355CB}.Release|Any CPU.ActiveCfg = Release|Any CPU
		{5BE2C7C7-FD38-41EE-97F8-7EA4F7E355CB}.Release|Any CPU.Build.0 = Release|Any CPU
	EndGlobalSection
	GlobalSection(SolutionProperties) = preSolution
		HideSolutionNode = FALSE
	EndGlobalSection
	GlobalSection(ExtensibilityGlobals) = postSolution
		SolutionGuid = {6627F49E-44DE-4AA1-9233-D13E56B5875A}
	EndGlobalSection
EndGlobal
